{
  "name": "upgradelens",
  "version": "0.1.0",
  "lockfileVersion": 3,
  "requires": true,
  "packages": {
    "": {
      "name": "upgradelens",
      "version": "0.1.0",
      "license": "MIT",
      "bin": {
        "upgradelens": "bin/upgradelens.js"
      },
      "engines": {
        "node": ">=20"
      }
    }
  }
}
